
Microsoft Visual Studio Solution File, Format Version 12.00
# Visual Studio Version 17
VisualStudioVersion = 17.4.33403.182
MinimumVisualStudioVersion = 10.0.40219.1
Project("{FAE04EC0-301F-11D3-BF4B-00C04F79EFBC}") = "CSharp_DataAccess_with_SQLClient", "CSharp_DataAccess_with_SQLClient\CSharp_DataAccess_with_SQLClient.csproj", "{A556CF97-1475-4F5F-9392-06E4D4EC9B57}"
EndProject
Global
	GlobalSection(SolutionConfigurationPlatforms) = preSolution
		Debug|Any CPU = Debug|Any CPU
		Release|Any CPU = Release|Any CPU
	EndGlobalSection
	GlobalSection(ProjectConfigurationPlatforms) = postSolution
		{A556CF97-1475-4F5F-9392-06E4D4EC9B57}.Debug|Any CPU.ActiveCfg = Debug|Any CPU
		{A556CF97-1475-4F5F-9392-06E4D4EC9B57}.Debug|Any CPU.Build.0 = Debug|Any CPU
		{A556CF97-1475-4F5F-9392-06E4D4EC9B57}.Release|Any CPU.ActiveCfg = Release|Any CPU
		{A556CF97-1475-4F5F-9392-06E4D4EC9B57}.Release|Any CPU.Build.0 = Release|Any CPU
	EndGlobalSection
	GlobalSection(SolutionProperties) = preSolution
		HideSolutionNode = FALSE
	EndGlobalSection
	GlobalSection(ExtensibilityGlobals) = postSolution
		SolutionGuid = {EB172882-A1B5-4E8E-9C85-70268D0D24EF}
	EndGlobalSection
EndGlobal
